
Microsoft Visual Studio Solution File, Format Version 12.00
# Visual Studio 15
VisualStudioVersion = 15.0.26124.0
MinimumVisualStudioVersion = 15.0.26124.0
Project("{2150E333-8FDC-42A3-9474-1A3956D46DE8}") = "core", "core", "{3AA95052-6AAA-45DF-925E-421EE3DE99A9}"
EndProject
Project("{FAE04EC0-301F-11D3-BF4B-00C04F79EFBC}") = "Commerce.Core", "core\Commerce.Core\Commerce.Core.csproj", "{CC7599F9-6DDE-43C9-8986-EFEFCADF6DBA}"
EndProject
Project("{2150E333-8FDC-42A3-9474-1A3956D46DE8}") = "features", "features", "{15ACD6D3-40BE-4BC2-BF20-94EDA5D64F90}"
EndProject
Project("{2150E333-8FDC-42A3-9474-1A3956D46DE8}") = "web", "web", "{97FFA3DA-4EC5-48A9-BA46-263D2AF42915}"
EndProject
Project("{FAE04EC0-301F-11D3-BF4B-00C04F79EFBC}") = "Commerce.Server", "web\Commerce.Server\Commerce.Server.csproj", "{78926647-803A-4364-A1BF-E3982D900611}"
EndProject
Project("{FAE04EC0-301F-11D3-BF4B-00C04F79EFBC}") = "Commerce.Server.CatalogApi", "web\Commerce.Server.CatalogApi\Commerce.Server.CatalogApi.csproj", "{BA923CF9-A6AF-48E6-9759-20D8DFAF2ED1}"
EndProject
Project("{FAE04EC0-301F-11D3-BF4B-00C04F79EFBC}") = "Commerce.Core.Mvc", "core\Commerce.Core.Mvc\Commerce.Core.Mvc.csproj", "{6C83636F-E6D5-4009-89F7-8CA87DF424B8}"
EndProject
Project("{FAE04EC0-301F-11D3-BF4B-00C04F79EFBC}") = "Commerce.Core.DependencyInjection", "core\Commerce.Core.DependencyInjection\Commerce.Core.DependencyInjection.csproj", "{0074B370-0B87-492B-8E62-CB1ABF226E5E}"
EndProject
Project("{FAE04EC0-301F-11D3-BF4B-00C04F79EFBC}") = "Commerce.Core.Pipelines", "core\Commerce.Core.Pipelines\Commerce.Core.Pipelines.csproj", "{66123E5C-B16A-451B-95BA-5BAC9582C944}"
EndProject
Project("{FAE04EC0-301F-11D3-BF4B-00C04F79EFBC}") = "Commerce.Core.DependencyInjection.Test", "core\Commerce.Core.DependencyInjection.Test\Commerce.Core.DependencyInjection.Test.csproj", "{C69BFF73-9B4B-4DDE-B1E6-B921C3C50DF1}"
EndProject
Project("{2150E333-8FDC-42A3-9474-1A3956D46DE8}") = "db", "db", "{364B761A-A38A-4F3C-AA96-666C3C112DD2}"
ProjectSection(SolutionItems) = preProject
	features\db\.gitkeep = features\db\.gitkeep
	features\db\mssql.run.sh = features\db\mssql.run.sh
EndProjectSection
EndProject
Project("{FAE04EC0-301F-11D3-BF4B-00C04F79EFBC}") = "Commerce.Feature.Db.Catalog", "features\db\Commerce.Feature.Db.Catalog\Commerce.Feature.Db.Catalog.csproj", "{B9D22725-5C1E-4487-A888-790A3C9C595A}"
EndProject
Project("{FAE04EC0-301F-11D3-BF4B-00C04F79EFBC}") = "Commerce.Feature.Db.Migations", "features\db\Commerce.Feature.Db.Migations\Commerce.Feature.Db.Migations.csproj", "{3C430EA0-FFFA-4CC1-AD9F-3DF80019D589}"
EndProject
Project("{FAE04EC0-301F-11D3-BF4B-00C04F79EFBC}") = "Commerce.Feature.Catalog", "features\Commerce.Feature.Catalog\Commerce.Feature.Catalog.csproj", "{8A43F45E-7AB4-482A-A1AD-5A3171E80000}"
EndProject
Project("{FAE04EC0-301F-11D3-BF4B-00C04F79EFBC}") = "Commerce.Core.Authentication", "core\Commerce.Core.Authentication\Commerce.Core.Authentication.csproj", "{55DB8CEE-ED3D-4828-A8B1-CB16E5FF5231}"
EndProject
Project("{FAE04EC0-301F-11D3-BF4B-00C04F79EFBC}") = "Commerce.Feature.Carts", "features\Commerce.Feature.Carts\Commerce.Feature.Carts.csproj", "{3DDD33D8-51AA-47D2-8059-E80783CABA56}"
EndProject
Global
	GlobalSection(SolutionConfigurationPlatforms) = preSolution
		Debug|Any CPU = Debug|Any CPU
		Debug|x64 = Debug|x64
		Debug|x86 = Debug|x86
		Release|Any CPU = Release|Any CPU
		Release|x64 = Release|x64
		Release|x86 = Release|x86
	EndGlobalSection
	GlobalSection(SolutionProperties) = preSolution
		HideSolutionNode = FALSE
	EndGlobalSection
	GlobalSection(ProjectConfigurationPlatforms) = postSolution
		{CC7599F9-6DDE-43C9-8986-EFEFCADF6DBA}.Debug|Any CPU.ActiveCfg = Debug|Any CPU
		{CC7599F9-6DDE-43C9-8986-EFEFCADF6DBA}.Debug|Any CPU.Build.0 = Debug|Any CPU
		{CC7599F9-6DDE-43C9-8986-EFEFCADF6DBA}.Debug|x64.ActiveCfg = Debug|Any CPU
		{CC7599F9-6DDE-43C9-8986-EFEFCADF6DBA}.Debug|x64.Build.0 = Debug|Any CPU
		{CC7599F9-6DDE-43C9-8986-EFEFCADF6DBA}.Debug|x86.ActiveCfg = Debug|Any CPU
		{CC7599F9-6DDE-43C9-8986-EFEFCADF6DBA}.Debug|x86.Build.0 = Debug|Any CPU
		{CC7599F9-6DDE-43C9-8986-EFEFCADF6DBA}.Release|Any CPU.ActiveCfg = Release|Any CPU
		{CC7599F9-6DDE-43C9-8986-EFEFCADF6DBA}.Release|Any CPU.Build.0 = Release|Any CPU
		{CC7599F9-6DDE-43C9-8986-EFEFCADF6DBA}.Release|x64.ActiveCfg = Release|Any CPU
		{CC7599F9-6DDE-43C9-8986-EFEFCADF6DBA}.Release|x64.Build.0 = Release|Any CPU
		{CC7599F9-6DDE-43C9-8986-EFEFCADF6DBA}.Release|x86.ActiveCfg = Release|Any CPU
		{CC7599F9-6DDE-43C9-8986-EFEFCADF6DBA}.Release|x86.Build.0 = Release|Any CPU
		{78926647-803A-4364-A1BF-E3982D900611}.Debug|Any CPU.ActiveCfg = Debug|Any CPU
		{78926647-803A-4364-A1BF-E3982D900611}.Debug|Any CPU.Build.0 = Debug|Any CPU
		{78926647-803A-4364-A1BF-E3982D900611}.Debug|x64.ActiveCfg = Debug|Any CPU
		{78926647-803A-4364-A1BF-E3982D900611}.Debug|x64.Build.0 = Debug|Any CPU
		{78926647-803A-4364-A1BF-E3982D900611}.Debug|x86.ActiveCfg = Debug|Any CPU
		{78926647-803A-4364-A1BF-E3982D900611}.Debug|x86.Build.0 = Debug|Any CPU
		{78926647-803A-4364-A1BF-E3982D900611}.Release|Any CPU.ActiveCfg = Release|Any CPU
		{78926647-803A-4364-A1BF-E3982D900611}.Release|Any CPU.Build.0 = Release|Any CPU
		{78926647-803A-4364-A1BF-E3982D900611}.Release|x64.ActiveCfg = Release|Any CPU
		{78926647-803A-4364-A1BF-E3982D900611}.Release|x64.Build.0 = Release|Any CPU
		{78926647-803A-4364-A1BF-E3982D900611}.Release|x86.ActiveCfg = Release|Any CPU
		{78926647-803A-4364-A1BF-E3982D900611}.Release|x86.Build.0 = Release|Any CPU
		{BA923CF9-A6AF-48E6-9759-20D8DFAF2ED1}.Debug|Any CPU.ActiveCfg = Debug|Any CPU
		{BA923CF9-A6AF-48E6-9759-20D8DFAF2ED1}.Debug|Any CPU.Build.0 = Debug|Any CPU
		{BA923CF9-A6AF-48E6-9759-20D8DFAF2ED1}.Debug|x64.ActiveCfg = Debug|Any CPU
		{BA923CF9-A6AF-48E6-9759-20D8DFAF2ED1}.Debug|x64.Build.0 = Debug|Any CPU
		{BA923CF9-A6AF-48E6-9759-20D8DFAF2ED1}.Debug|x86.ActiveCfg = Debug|Any CPU
		{BA923CF9-A6AF-48E6-9759-20D8DFAF2ED1}.Debug|x86.Build.0 = Debug|Any CPU
		{BA923CF9-A6AF-48E6-9759-20D8DFAF2ED1}.Release|Any CPU.ActiveCfg = Release|Any CPU
		{BA923CF9-A6AF-48E6-9759-20D8DFAF2ED1}.Release|Any CPU.Build.0 = Release|Any CPU
		{BA923CF9-A6AF-48E6-9759-20D8DFAF2ED1}.Release|x64.ActiveCfg = Release|Any CPU
		{BA923CF9-A6AF-48E6-9759-20D8DFAF2ED1}.Release|x64.Build.0 = Release|Any CPU
		{BA923CF9-A6AF-48E6-9759-20D8DFAF2ED1}.Release|x86.ActiveCfg = Release|Any CPU
		{BA923CF9-A6AF-48E6-9759-20D8DFAF2ED1}.Release|x86.Build.0 = Release|Any CPU
		{6C83636F-E6D5-4009-89F7-8CA87DF424B8}.Debug|Any CPU.ActiveCfg = Debug|Any CPU
		{6C83636F-E6D5-4009-89F7-8CA87DF424B8}.Debug|Any CPU.Build.0 = Debug|Any CPU
		{6C83636F-E6D5-4009-89F7-8CA87DF424B8}.Debug|x64.ActiveCfg = Debug|Any CPU
		{6C83636F-E6D5-4009-89F7-8CA87DF424B8}.Debug|x64.Build.0 = Debug|Any CPU
		{6C83636F-E6D5-4009-89F7-8CA87DF424B8}.Debug|x86.ActiveCfg = Debug|Any CPU
		{6C83636F-E6D5-4009-89F7-8CA87DF424B8}.Debug|x86.Build.0 = Debug|Any CPU
		{6C83636F-E6D5-4009-89F7-8CA87DF424B8}.Release|Any CPU.ActiveCfg = Release|Any CPU
		{6C83636F-E6D5-4009-89F7-8CA87DF424B8}.Release|Any CPU.Build.0 = Release|Any CPU
		{6C83636F-E6D5-4009-89F7-8CA87DF424B8}.Release|x64.ActiveCfg = Release|Any CPU
		{6C83636F-E6D5-4009-89F7-8CA87DF424B8}.Release|x64.Build.0 = Release|Any CPU
		{6C83636F-E6D5-4009-89F7-8CA87DF424B8}.Release|x86.ActiveCfg = Release|Any CPU
		{6C83636F-E6D5-4009-89F7-8CA87DF424B8}.Release|x86.Build.0 = Release|Any CPU
		{0074B370-0B87-492B-8E62-CB1ABF226E5E}.Debug|Any CPU.ActiveCfg = Debug|Any CPU
		{0074B370-0B87-492B-8E62-CB1ABF226E5E}.Debug|Any CPU.Build.0 = Debug|Any CPU
		{0074B370-0B87-492B-8E62-CB1ABF226E5E}.Debug|x64.ActiveCfg = Debug|Any CPU
		{0074B370-0B87-492B-8E62-CB1ABF226E5E}.Debug|x64.Build.0 = Debug|Any CPU
		{0074B370-0B87-492B-8E62-CB1ABF226E5E}.Debug|x86.ActiveCfg = Debug|Any CPU
		{0074B370-0B87-492B-8E62-CB1ABF226E5E}.Debug|x86.Build.0 = Debug|Any CPU
		{0074B370-0B87-492B-8E62-CB1ABF226E5E}.Release|Any CPU.ActiveCfg = Release|Any CPU
		{0074B370-0B87-492B-8E62-CB1ABF226E5E}.Release|Any CPU.Build.0 = Release|Any CPU
		{0074B370-0B87-492B-8E62-CB1ABF226E5E}.Release|x64.ActiveCfg = Release|Any CPU
		{0074B370-0B87-492B-8E62-CB1ABF226E5E}.Release|x64.Build.0 = Release|Any CPU
		{0074B370-0B87-492B-8E62-CB1ABF226E5E}.Release|x86.ActiveCfg = Release|Any CPU
		{0074B370-0B87-492B-8E62-CB1ABF226E5E}.Release|x86.Build.0 = Release|Any CPU
		{66123E5C-B16A-451B-95BA-5BAC9582C944}.Debug|Any CPU.ActiveCfg = Debug|Any CPU
		{66123E5C-B16A-451B-95BA-5BAC9582C944}.Debug|Any CPU.Build.0 = Debug|Any CPU
		{66123E5C-B16A-451B-95BA-5BAC9582C944}.Debug|x64.ActiveCfg = Debug|Any CPU
		{66123E5C-B16A-451B-95BA-5BAC9582C944}.Debug|x64.Build.0 = Debug|Any CPU
		{66123E5C-B16A-451B-95BA-5BAC9582C944}.Debug|x86.ActiveCfg = Debug|Any CPU
		{66123E5C-B16A-451B-95BA-5BAC9582C944}.Debug|x86.Build.0 = Debug|Any CPU
		{66123E5C-B16A-451B-95BA-5BAC9582C944}.Release|Any CPU.ActiveCfg = Release|Any CPU
		{66123E5C-B16A-451B-95BA-5BAC9582C944}.Release|Any CPU.Build.0 = Release|Any CPU
		{66123E5C-B16A-451B-95BA-5BAC9582C944}.Release|x64.ActiveCfg = Release|Any CPU
		{66123E5C-B16A-451B-95BA-5BAC9582C944}.Release|x64.Build.0 = Release|Any CPU
		{66123E5C-B16A-451B-95BA-5BAC9582C944}.Release|x86.ActiveCfg = Release|Any CPU
		{66123E5C-B16A-451B-95BA-5BAC9582C944}.Release|x86.Build.0 = Release|Any CPU
		{C69BFF73-9B4B-4DDE-B1E6-B921C3C50DF1}.Debug|Any CPU.ActiveCfg = Debug|Any CPU
		{C69BFF73-9B4B-4DDE-B1E6-B921C3C50DF1}.Debug|Any CPU.Build.0 = Debug|Any CPU
		{C69BFF73-9B4B-4DDE-B1E6-B921C3C50DF1}.Debug|x64.ActiveCfg = Debug|Any CPU
		{C69BFF73-9B4B-4DDE-B1E6-B921C3C50DF1}.Debug|x64.Build.0 = Debug|Any CPU
		{C69BFF73-9B4B-4DDE-B1E6-B921C3C50DF1}.Debug|x86.ActiveCfg = Debug|Any CPU
		{C69BFF73-9B4B-4DDE-B1E6-B921C3C50DF1}.Debug|x86.Build.0 = Debug|Any CPU
		{C69BFF73-9B4B-4DDE-B1E6-B921C3C50DF1}.Release|Any CPU.ActiveCfg = Release|Any CPU
		{C69BFF73-9B4B-4DDE-B1E6-B921C3C50DF1}.Release|Any CPU.Build.0 = Release|Any CPU
		{C69BFF73-9B4B-4DDE-B1E6-B921C3C50DF1}.Release|x64.ActiveCfg = Release|Any CPU
		{C69BFF73-9B4B-4DDE-B1E6-B921C3C50DF1}.Release|x64.Build.0 = Release|Any CPU
		{C69BFF73-9B4B-4DDE-B1E6-B921C3C50DF1}.Release|x86.ActiveCfg = Release|Any CPU
		{C69BFF73-9B4B-4DDE-B1E6-B921C3C50DF1}.Release|x86.Build.0 = Release|Any CPU
		{B9D22725-5C1E-4487-A888-790A3C9C595A}.Debug|Any CPU.ActiveCfg = Debug|Any CPU
		{B9D22725-5C1E-4487-A888-790A3C9C595A}.Debug|Any CPU.Build.0 = Debug|Any CPU
		{B9D22725-5C1E-4487-A888-790A3C9C595A}.Debug|x64.ActiveCfg = Debug|Any CPU
		{B9D22725-5C1E-4487-A888-790A3C9C595A}.Debug|x64.Build.0 = Debug|Any CPU
		{B9D22725-5C1E-4487-A888-790A3C9C595A}.Debug|x86.ActiveCfg = Debug|Any CPU
		{B9D22725-5C1E-4487-A888-790A3C9C595A}.Debug|x86.Build.0 = Debug|Any CPU
		{B9D22725-5C1E-4487-A888-790A3C9C595A}.Release|Any CPU.ActiveCfg = Release|Any CPU
		{B9D22725-5C1E-4487-A888-790A3C9C595A}.Release|Any CPU.Build.0 = Release|Any CPU
		{B9D22725-5C1E-4487-A888-790A3C9C595A}.Release|x64.ActiveCfg = Release|Any CPU
		{B9D22725-5C1E-4487-A888-790A3C9C595A}.Release|x64.Build.0 = Release|Any CPU
		{B9D22725-5C1E-4487-A888-790A3C9C595A}.Release|x86.ActiveCfg = Release|Any CPU
		{B9D22725-5C1E-4487-A888-790A3C9C595A}.Release|x86.Build.0 = Release|Any CPU
		{3C430EA0-FFFA-4CC1-AD9F-3DF80019D589}.Debug|Any CPU.ActiveCfg = Debug|Any CPU
		{3C430EA0-FFFA-4CC1-AD9F-3DF80019D589}.Debug|Any CPU.Build.0 = Debug|Any CPU
		{3C430EA0-FFFA-4CC1-AD9F-3DF80019D589}.Debug|x64.ActiveCfg = Debug|Any CPU
		{3C430EA0-FFFA-4CC1-AD9F-3DF80019D589}.Debug|x64.Build.0 = Debug|Any CPU
		{3C430EA0-FFFA-4CC1-AD9F-3DF80019D589}.Debug|x86.ActiveCfg = Debug|Any CPU
		{3C430EA0-FFFA-4CC1-AD9F-3DF80019D589}.Debug|x86.Build.0 = Debug|Any CPU
		{3C430EA0-FFFA-4CC1-AD9F-3DF80019D589}.Release|Any CPU.ActiveCfg = Release|Any CPU
		{3C430EA0-FFFA-4CC1-AD9F-3DF80019D589}.Release|Any CPU.Build.0 = Release|Any CPU
		{3C430EA0-FFFA-4CC1-AD9F-3DF80019D589}.Release|x64.ActiveCfg = Release|Any CPU
		{3C430EA0-FFFA-4CC1-AD9F-3DF80019D589}.Release|x64.Build.0 = Release|Any CPU
		{3C430EA0-FFFA-4CC1-AD9F-3DF80019D589}.Release|x86.ActiveCfg = Release|Any CPU
		{3C430EA0-FFFA-4CC1-AD9F-3DF80019D589}.Release|x86.Build.0 = Release|Any CPU
		{8A43F45E-7AB4-482A-A1AD-5A3171E80000}.Debug|Any CPU.ActiveCfg = Debug|Any CPU
		{8A43F45E-7AB4-482A-A1AD-5A3171E80000}.Debug|Any CPU.Build.0 = Debug|Any CPU
		{8A43F45E-7AB4-482A-A1AD-5A3171E80000}.Debug|x64.ActiveCfg = Debug|Any CPU
		{8A43F45E-7AB4-482A-A1AD-5A3171E80000}.Debug|x64.Build.0 = Debug|Any CPU
		{8A43F45E-7AB4-482A-A1AD-5A3171E80000}.Debug|x86.ActiveCfg = Debug|Any CPU
		{8A43F45E-7AB4-482A-A1AD-5A3171E80000}.Debug|x86.Build.0 = Debug|Any CPU
		{8A43F45E-7AB4-482A-A1AD-5A3171E80000}.Release|Any CPU.ActiveCfg = Release|Any CPU
		{8A43F45E-7AB4-482A-A1AD-5A3171E80000}.Release|Any CPU.Build.0 = Release|Any CPU
		{8A43F45E-7AB4-482A-A1AD-5A3171E80000}.Release|x64.ActiveCfg = Release|Any CPU
		{8A43F45E-7AB4-482A-A1AD-5A3171E80000}.Release|x64.Build.0 = Release|Any CPU
		{8A43F45E-7AB4-482A-A1AD-5A3171E80000}.Release|x86.ActiveCfg = Release|Any CPU
		{8A43F45E-7AB4-482A-A1AD-5A3171E80000}.Release|x86.Build.0 = Release|Any CPU
		{55DB8CEE-ED3D-4828-A8B1-CB16E5FF5231}.Debug|Any CPU.ActiveCfg = Debug|Any CPU
		{55DB8CEE-ED3D-4828-A8B1-CB16E5FF5231}.Debug|Any CPU.Build.0 = Debug|Any CPU
		{55DB8CEE-ED3D-4828-A8B1-CB16E5FF5231}.Debug|x64.ActiveCfg = Debug|Any CPU
		{55DB8CEE-ED3D-4828-A8B1-CB16E5FF5231}.Debug|x64.Build.0 = Debug|Any CPU
		{55DB8CEE-ED3D-4828-A8B1-CB16E5FF5231}.Debug|x86.ActiveCfg = Debug|Any CPU
		{55DB8CEE-ED3D-4828-A8B1-CB16E5FF5231}.Debug|x86.Build.0 = Debug|Any CPU
		{55DB8CEE-ED3D-4828-A8B1-CB16E5FF5231}.Release|Any CPU.ActiveCfg = Release|Any CPU
		{55DB8CEE-ED3D-4828-A8B1-CB16E5FF5231}.Release|Any CPU.Build.0 = Release|Any CPU
		{55DB8CEE-ED3D-4828-A8B1-CB16E5FF5231}.Release|x64.ActiveCfg = Release|Any CPU
		{55DB8CEE-ED3D-4828-A8B1-CB16E5FF5231}.Release|x64.Build.0 = Release|Any CPU
		{55DB8CEE-ED3D-4828-A8B1-CB16E5FF5231}.Release|x86.ActiveCfg = Release|Any CPU
		{55DB8CEE-ED3D-4828-A8B1-CB16E5FF5231}.Release|x86.Build.0 = Release|Any CPU
		{3DDD33D8-51AA-47D2-8059-E80783CABA56}.Debug|Any CPU.ActiveCfg = Debug|Any CPU
		{3DDD33D8-51AA-47D2-8059-E80783CABA56}.Debug|Any CPU.Build.0 = Debug|Any CPU
		{3DDD33D8-51AA-47D2-8059-E80783CABA56}.Debug|x64.ActiveCfg = Debug|Any CPU
		{3DDD33D8-51AA-47D2-8059-E80783CABA56}.Debug|x64.Build.0 = Debug|Any CPU
		{3DDD33D8-51AA-47D2-8059-E80783CABA56}.Debug|x86.ActiveCfg = Debug|Any CPU
		{3DDD33D8-51AA-47D2-8059-E80783CABA56}.Debug|x86.Build.0 = Debug|Any CPU
		{3DDD33D8-51AA-47D2-8059-E80783CABA56}.Release|Any CPU.ActiveCfg = Release|Any CPU
		{3DDD33D8-51AA-47D2-8059-E80783CABA56}.Release|Any CPU.Build.0 = Release|Any CPU
		{3DDD33D8-51AA-47D2-8059-E80783CABA56}.Release|x64.ActiveCfg = Release|Any CPU
		{3DDD33D8-51AA-47D2-8059-E80783CABA56}.Release|x64.Build.0 = Release|Any CPU
		{3DDD33D8-51AA-47D2-8059-E80783CABA56}.Release|x86.ActiveCfg = Release|Any CPU
		{3DDD33D8-51AA-47D2-8059-E80783CABA56}.Release|x86.Build.0 = Release|Any CPU
	EndGlobalSection
	GlobalSection(NestedProjects) = preSolution
		{CC7599F9-6DDE-43C9-8986-EFEFCADF6DBA} = {3AA95052-6AAA-45DF-925E-421EE3DE99A9}
		{78926647-803A-4364-A1BF-E3982D900611} = {97FFA3DA-4EC5-48A9-BA46-263D2AF42915}
		{BA923CF9-A6AF-48E6-9759-20D8DFAF2ED1} = {97FFA3DA-4EC5-48A9-BA46-263D2AF42915}
		{6C83636F-E6D5-4009-89F7-8CA87DF424B8} = {3AA95052-6AAA-45DF-925E-421EE3DE99A9}
		{0074B370-0B87-492B-8E62-CB1ABF226E5E} = {3AA95052-6AAA-45DF-925E-421EE3DE99A9}
		{66123E5C-B16A-451B-95BA-5BAC9582C944} = {3AA95052-6AAA-45DF-925E-421EE3DE99A9}
		{C69BFF73-9B4B-4DDE-B1E6-B921C3C50DF1} = {3AA95052-6AAA-45DF-925E-421EE3DE99A9}
		{364B761A-A38A-4F3C-AA96-666C3C112DD2} = {15ACD6D3-40BE-4BC2-BF20-94EDA5D64F90}
		{B9D22725-5C1E-4487-A888-790A3C9C595A} = {364B761A-A38A-4F3C-AA96-666C3C112DD2}
		{3C430EA0-FFFA-4CC1-AD9F-3DF80019D589} = {364B761A-A38A-4F3C-AA96-666C3C112DD2}
		{8A43F45E-7AB4-482A-A1AD-5A3171E80000} = {15ACD6D3-40BE-4BC2-BF20-94EDA5D64F90}
		{55DB8CEE-ED3D-4828-A8B1-CB16E5FF5231} = {3AA95052-6AAA-45DF-925E-421EE3DE99A9}
		{3DDD33D8-51AA-47D2-8059-E80783CABA56} = {15ACD6D3-40BE-4BC2-BF20-94EDA5D64F90}
	EndGlobalSection
EndGlobal
